
Microsoft Visual Studio Solution File, Format Version 12.00
# Visual Studio Version 17
VisualStudioVersion = 17.2.32505.173
MinimumVisualStudioVersion = 10.0.40219.1
Project("{FAE04EC0-301F-11D3-BF4B-00C04F79EFBC}") = "Attempt2", "Attempt2\Attempt2.csproj", "{198A7D9E-F531-49EA-861A-117FC85AD707}"
EndProject
Global
	GlobalSection(SolutionConfigurationPlatforms) = preSolution
		Debug|Any CPU = Debug|Any CPU
		Release|Any CPU = Release|Any CPU
	EndGlobalSection
	GlobalSection(ProjectConfigurationPlatforms) = postSolution
		{198A7D9E-F531-49EA-861A-117FC85AD707}.Debug|Any CPU.ActiveCfg = Debug|Any CPU
		{198A7D9E-F531-49EA-861A-117FC85AD707}.Debug|Any CPU.Build.0 = Debug|Any CPU
		{198A7D9E-F531-49EA-861A-117FC85AD707}.Release|Any CPU.ActiveCfg = Release|Any CPU
		{198A7D9E-F531-49EA-861A-117FC85AD707}.Release|Any CPU.Build.0 = Release|Any CPU
	EndGlobalSection
	GlobalSection(SolutionProperties) = preSolution
		HideSolutionNode = FALSE
	EndGlobalSection
	GlobalSection(ExtensibilityGlobals) = postSolution
		SolutionGuid = {1848D181-A1E7-46AD-997B-566ABC06A851}
	EndGlobalSection
EndGlobal
